
Microsoft Visual Studio Solution File, Format Version 12.00
# Visual Studio Version 17
VisualStudioVersion = 17.9.34728.123
MinimumVisualStudioVersion = 10.0.40219.1
Project("{FAE04EC0-301F-11D3-BF4B-00C04F79EFBC}") = "ChinchonApp", "ChinchonApp\ChinchonApp.csproj", "{AF994C6B-BCDF-4BB7-B0A5-158FE4490109}"
EndProject
Global
	GlobalSection(SolutionConfigurationPlatforms) = preSolution
		Debug|Any CPU = Debug|Any CPU
		Release|Any CPU = Release|Any CPU
	EndGlobalSection
	GlobalSection(ProjectConfigurationPlatforms) = postSolution
		{AF994C6B-BCDF-4BB7-B0A5-158FE4490109}.Debug|Any CPU.ActiveCfg = Debug|Any CPU
		{AF994C6B-BCDF-4BB7-B0A5-158FE4490109}.Debug|Any CPU.Build.0 = Debug|Any CPU
		{AF994C6B-BCDF-4BB7-B0A5-158FE4490109}.Release|Any CPU.ActiveCfg = Release|Any CPU
		{AF994C6B-BCDF-4BB7-B0A5-158FE4490109}.Release|Any CPU.Build.0 = Release|Any CPU
	EndGlobalSection
	GlobalSection(SolutionProperties) = preSolution
		HideSolutionNode = FALSE
	EndGlobalSection
	GlobalSection(ExtensibilityGlobals) = postSolution
		SolutionGuid = {BCEBDC5E-0A1E-4838-8055-FD382D469141}
	EndGlobalSection
EndGlobal
